hash: 6b4b02917c938e9948364cad160f859bda41f60bc8cf07d5c72723d23933c2d5
updated: 2016-12-06T16:39:41.722410831-08:00
imports:
- name: github.com/Jeffail/gabs
  version: 2a3aa15961d5fee6047b8151b67ac2f08ba2c48c
- name: github.com/urfave/cli
  version: 0bdeddeeb0f650497d603c4ad7b20cfe685682f6
testImports: []
