# This file is autogenerated, do not edit; changes may be undone by the next 'dep ensure'.


[[projects]]
  digest = "1:9294c6bb4fe6c224a7cd7082116dfc8ba2f8df8804a61d77897d2660e4552285"
  name = "github.com/aws/aws-sdk-go"
  packages = [
    "aws",
    "aws/awserr",
    "aws/awsutil",
    "aws/client",
    "aws/client/metadata",
    "aws/corehandlers",
    "aws/credentials",
    "aws/credentials/ec2rolecreds",
    "aws/credentials/endpointcreds",
    "aws/credentials/stscreds",
    "aws/defaults",
    "aws/ec2metadata",
    "aws/endpoints",
    "aws/request",
    "aws/session",
    "aws/signer/v4",
    "internal/sdkio",
    "internal/sdkrand",
    "internal/shareddefaults",
    "private/protocol",
    "private/protocol/query",
    "private/protocol/query/queryutil",
    "private/protocol/rest",
    "private/protocol/restxml",
    "private/protocol/xml/xmlutil",
    "service/s3",
    "service/s3/s3iface",
    "service/s3/s3manager",
    "service/sts",
  ]
  pruneopts = "UT"
  revision = "74ca63959be8b9a9a24cd86eaaea8bf99de8022d"
  version = "v1.13.25"

[[projects]]
  digest = "1:a4575fee08d0ff5183366344c7ee9aa3ec7a3f14c65c713544d40ae6dfc0ba1a"
  name = "github.com/franela/goblin"
  packages = ["."]
  pruneopts = "UT"
  revision = "ead4ad1d27278780bab074b8dee47fba0e67afda"

[[projects]]
  digest = "1:78a5b63751bd99054bee07a498f6aa54da0a909922f9365d1aa3339091efa70a"
  name = "github.com/fsnotify/fsnotify"
  packages = ["."]
  pruneopts = "UT"
  revision = "1485a34d5d5723fea214f5710708e19a831720e4"

[[projects]]
  digest = "1:b9e2424fb01adfa88b03cf56d3ccd83bd3ce6a1a1b573031ca282178b6397d5a"
  name = "github.com/go-ini/ini"
  packages = ["."]
  pruneopts = "UT"
  revision = "8e0f5b3a15fc93a84881c6cc50129bd62e83a314"
  version = "v1.54.0"

[[projects]]
  digest = "1:c5829f5d5d7adec9a62d175e1f8cd18f6ed9f3c6d81a10a369b0be0d8b8777c8"
  name = "github.com/gomicro/penname"
  packages = ["."]
  pruneopts = "UT"
  revision = "6b7aa4333fbadc13015f856ae2e27ca2c0817cad"
  version = "v0.1.0"

[[projects]]
  digest = "1:4340777acefb6c7806c25762dc9f6d5f75b0efab8289b31e9d88fd45ee1ba53b"
  name = "github.com/hashicorp/hcl"
  packages = [
    ".",
    "hcl/ast",
    "hcl/parser",
    "hcl/scanner",
    "hcl/strconv",
    "hcl/token",
    "json/parser",
    "json/scanner",
    "json/token",
  ]
  pruneopts = "UT"
  revision = "cf7d376da96d9cecec7c7483cec2735efe54a410"

[[projects]]
  digest = "1:870d441fe217b8e689d7949fef6e43efbc787e50f200cb1e70dbca9204a1d6be"
  name = "github.com/inconshreveable/mousetrap"
  packages = ["."]
  pruneopts = "UT"
  revision = "76626ae9c91c4f2a10f34cad8ce83ea42c93bb75"
  version = "v1.0"

[[projects]]
  digest = "1:ca62582cb3cb3be070a4999771b2bebcb174efb17f8a06b20b68344c2dad3262"
  name = "github.com/ion-channel/ionic"
  packages = [
    ".",
    "aliases",
    "analyses",
    "community",
    "deliveries",
    "dependencies",
    "digests",
    "errors",
    "pagination",
    "portfolios",
    "products",
    "projects",
    "reports",
    "requests",
    "responses",
    "rules",
    "rulesets",
    "scanner",
    "scans",
    "tags",
    "teams",
    "teamusers",
    "users",
    "vulnerabilities",
  ]
  pruneopts = "UT"
  revision = "fa3a6901779172f532857a0b6f6fbda64bbbba2d"

[[projects]]
  digest = "1:e22af8c7518e1eab6f2eab2b7d7558927f816262586cd6ed9f349c97a6c285c4"
  name = "github.com/jmespath/go-jmespath"
  packages = ["."]
  pruneopts = "UT"
  revision = "0b12d6b5"

[[projects]]
  digest = "1:5a0ef768465592efca0412f7e838cdc0826712f8447e70e6ccc52eb441e9ab13"
  name = "github.com/magiconair/properties"
  packages = ["."]
  pruneopts = "UT"
  revision = "de8848e004dd33dc07a2947b3d76f618a7fc7ef1"
  version = "v1.8.1"

[[projects]]
  digest = "1:53bc4cd4914cd7cd52139990d5170d6dc99067ae31c56530621b18b35fc30318"
  name = "github.com/mitchellh/mapstructure"
  packages = ["."]
  pruneopts = "UT"
  revision = "3536a929edddb9a5b34bd6861dc4a9647cb459fe"
  version = "v1.1.2"

[[projects]]
  digest = "1:7408e8807c045f97ccba03aa8bd4f8b8ca9426436c424546d524acedb8fc6d01"
  name = "github.com/onsi/gomega"
  packages = [
    ".",
    "format",
    "internal/assertion",
    "internal/asyncassertion",
    "internal/oraclematcher",
    "internal/testingtsupport",
    "matchers",
    "matchers/support/goraph/bipartitegraph",
    "matchers/support/goraph/edge",
    "matchers/support/goraph/node",
    "matchers/support/goraph/util",
    "types",
  ]
  pruneopts = "UT"
  revision = "00acfa9d92a386415bd235ab069c52063f925998"

[[projects]]
  digest = "1:12a3f336482fcab08d665c134f24410438a7496dcb717dc6179755309f772a2d"
  name = "github.com/pelletier/go-toml"
  packages = ["."]
  pruneopts = "UT"
  revision = "26fd12ff5458ed76bb7be556938691838288a855"

[[projects]]
  digest = "1:bb495ec276ab82d3dd08504bbc0594a65de8c3b22c6f2aaa92d05b73fbf3a82e"
  name = "github.com/spf13/afero"
  packages = [
    ".",
    "mem",
  ]
  pruneopts = "UT"
  revision = "588a75ec4f32903aa5e39a2619ba6a4631e28424"
  version = "v1.2.2"

[[projects]]
  digest = "1:c28982e5803436dabbb2654b6036b8bf979bab5e588e76ad44d70caf2e27efde"
  name = "github.com/spf13/cast"
  packages = ["."]
  pruneopts = "UT"
  revision = "c01685bb8421cecb276fa517e91f757215f980b3"

[[projects]]
  digest = "1:dc1663607d7e10e38ff1ba44948a9fef1f4d30b3da048b3a19dcafd6cd6d7cfe"
  name = "github.com/spf13/cobra"
  packages = ["."]
  pruneopts = "UT"
  revision = "0dacccfbaabc71b872087c1719c5380d3e185173"

[[projects]]
  digest = "1:1b753ec16506f5864d26a28b43703c58831255059644351bbcb019b843950900"
  name = "github.com/spf13/jwalterweatherman"
  packages = ["."]
  pruneopts = "UT"
  revision = "94f6ae3ed3bceceafa716478c5fbf8d29ca601a1"
  version = "v1.1.0"

[[projects]]
  digest = "1:82f513c8eb601d0a850640535568d8f36ed3cdbd15c54aacd1717848489fab52"
  name = "github.com/spf13/pflag"
  packages = ["."]
  pruneopts = "UT"
  revision = "972238283c0625cf3e881de7699ba8f2524c340a"

[[projects]]
  digest = "1:f8e1a678a2571e265f4bf91a3e5e32aa6b1474a55cb0ea849750cc177b664d96"
  name = "github.com/spf13/viper"
  packages = ["."]
  pruneopts = "UT"
  revision = "25b30aa063fc18e48662b86996252eabdcf2f0c7"
  version = "v1.0.0"

[[projects]]
  digest = "1:a167b5c532f3245f5a147ade26185f16d6ee8f8d3f6c9846f447e9d8b9705505"
  name = "golang.org/x/net"
  packages = [
    "html",
    "html/atom",
    "html/charset",
  ]
  pruneopts = "UT"
  revision = "74dc4d7220e7acc4e100824340f3e66577424772"

[[projects]]
  digest = "1:ec9d9815894f067c7878330735b9e4dfa6dc61234d2ba136b60a1436d6b5ea94"
  name = "golang.org/x/sys"
  packages = ["unix"]
  pruneopts = "UT"
  revision = "b4ddaad3f8a36719f2b8bc6486c14cc468ca2bb5"

[[projects]]
  digest = "1:7570a3e4daa14b7627089e77ad8c714f5f36b4cf1b7dfd8510df7d6935dc42a0"
  name = "golang.org/x/text"
  packages = [
    "encoding",
    "encoding/charmap",
    "encoding/htmlindex",
    "encoding/internal",
    "encoding/internal/identifier",
    "encoding/japanese",
    "encoding/korean",
    "encoding/simplifiedchinese",
    "encoding/traditionalchinese",
    "encoding/unicode",
    "internal/gen",
    "internal/language",
    "internal/language/compact",
    "internal/tag",
    "internal/triegen",
    "internal/ucd",
    "internal/utf8internal",
    "language",
    "runes",
    "transform",
    "unicode/cldr",
    "unicode/norm",
  ]
  pruneopts = "UT"
  revision = "342b2e1fbaa52c93f31447ad2c6abc048c63e475"
  version = "v0.3.2"

[[projects]]
  digest = "1:4d2e5a73dc1500038e504a8d78b986630e3626dc027bc030ba5c75da257cdb96"
  name = "gopkg.in/yaml.v2"
  packages = ["."]
  pruneopts = "UT"
  revision = "51d6538a90f86fe93ac480b35f37b2be17fef232"
  version = "v2.2.2"

[solve-meta]
  analyzer-name = "dep"
  analyzer-version = 1
  input-imports = [
    "github.com/aws/aws-sdk-go/aws",
    "github.com/aws/aws-sdk-go/aws/request",
    "github.com/aws/aws-sdk-go/aws/session",
    "github.com/aws/aws-sdk-go/service/s3",
    "github.com/aws/aws-sdk-go/service/s3/s3iface",
    "github.com/aws/aws-sdk-go/service/s3/s3manager",
    "github.com/franela/goblin",
    "github.com/gomicro/penname",
    "github.com/ion-channel/ionic",
    "github.com/ion-channel/ionic/pagination",
    "github.com/ion-channel/ionic/projects",
    "github.com/ion-channel/ionic/rulesets",
    "github.com/ion-channel/ionic/scanner",
    "github.com/onsi/gomega",
    "github.com/spf13/cobra",
    "github.com/spf13/viper",
  ]
  solver-name = "gps-cdcl"
  solver-version = 1
